// !$*UTF8*$!
{
	archiveVersion = 1;
	classes = {
	};
	objectVersion = 51;
	objects = {

/* Begin PBXBuildFile section */
		03009419245949890014AEF1 /* DateEntryViewController.swift in Sources */ = {isa = PBXBuildFile; fileRef = 03009418245949890014AEF1 /* DateEntryViewController.swift */; };
		031664C02468E0CA004A85EE /* cough.wav in Resources */ = {isa = PBXBuildFile; fileRef = 0323CC6B24609449000C0908 /* cough.wav */; };
		0328A234245E5F180032E752 /* Pods_CoronAvoid.framework in Frameworks */ = {isa = PBXBuildFile; fileRef = C6FF2C10D1ACEE652CAF5E38 /* Pods_CoronAvoid.framework */; };
		0328A235245E5F180032E752 /* Pods_CoronAvoid.framework in Embed Frameworks */ = {isa = PBXBuildFile; fileRef = C6FF2C10D1ACEE652CAF5E38 /* Pods_CoronAvoid.framework */; settings = {ATTRIBUTES = (CodeSignOnCopy, RemoveHeadersOnCopy, ); }; };
		0328A28D245E5F5F0032E752 /* Pods_CoronAvoid.framework in Frameworks */ = {isa = PBXBuildFile; fileRef = C6FF2C10D1ACEE652CAF5E38 /* Pods_CoronAvoid.framework */; };
		03F5E0122447BA2C00D19E54 /* DistanceViewController.swift in Sources */ = {isa = PBXBuildFile; fileRef = 03F5E0112447BA2C00D19E54 /* DistanceViewController.swift */; };
		03F5E0142447BA4800D19E54 /* LeaderboardViewController.swift in Sources */ = {isa = PBXBuildFile; fileRef = 03F5E0132447BA4800D19E54 /* LeaderboardViewController.swift */; };
		03F5E0162447BA7800D19E54 /* ResourcesViewController.swift in Sources */ = {isa = PBXBuildFile; fileRef = 03F5E0152447BA7700D19E54 /* ResourcesViewController.swift */; };
		1335FE992441E6F7001DFA70 /* SignInViewController.swift in Sources */ = {isa = PBXBuildFile; fileRef = 1335FE982441E6F7001DFA70 /* SignInViewController.swift */; };
		133F88D524381A9300D501D8 /* AppDelegate.swift in Sources */ = {isa = PBXBuildFile; fileRef = 133F88D424381A9300D501D8 /* AppDelegate.swift */; };
		133F88D724381A9300D501D8 /* SceneDelegate.swift in Sources */ = {isa = PBXBuildFile; fileRef = 133F88D624381A9300D501D8 /* SceneDelegate.swift */; };
		133F88D924381A9300D501D8 /* HomeViewController.swift in Sources */ = {isa = PBXBuildFile; fileRef = 133F88D824381A9300D501D8 /* HomeViewController.swift */; };
		133F88DC24381A9300D501D8 /* Main.storyboard in Resources */ = {isa = PBXBuildFile; fileRef = 133F88DA24381A9300D501D8 /* Main.storyboard */; };
		133F88DE24381A9600D501D8 /* Assets.xcassets in Resources */ = {isa = PBXBuildFile; fileRef = 133F88DD24381A9600D501D8 /* Assets.xcassets */; };
		133F88E124381A9600D501D8 /* LaunchScreen.storyboard in Resources */ = {isa = PBXBuildFile; fileRef = 133F88DF24381A9600D501D8 /* LaunchScreen.storyboard */; };
		13D9B6C5245A8D6200111A77 /* UsernameViewController.swift in Sources */ = {isa = PBXBuildFile; fileRef = 13D9B6C4245A8D6100111A77 /* UsernameViewController.swift */; };
		13EEF942244368AD009A1C51 /* SettingsViewController.swift in Sources */ = {isa = PBXBuildFile; fileRef = 13EEF941244368AD009A1C51 /* SettingsViewController.swift */; };
		7B388BBD245CC977002889C7 /* GoogleService-Info.plist in Resources */ = {isa = PBXBuildFile; fileRef = 7B388BBC245CC977002889C7 /* GoogleService-Info.plist */; };
/* End PBXBuildFile section */

/* Begin PBXCopyFilesBuildPhase section */
		0328A236245E5F180032E752 /* Embed Frameworks */ = {
			isa = PBXCopyFilesBuildPhase;
			buildActionMask = 2147483647;
			dstPath = "";
			dstSubfolderSpec = 10;
			files = (
				0328A235245E5F180032E752 /* Pods_CoronAvoid.framework in Embed Frameworks */,
			);
			name = "Embed Frameworks";
			runOnlyForDeploymentPostprocessing = 0;
		};
/* End PBXCopyFilesBuildPhase section */

/* Begin PBXFileReference section */
		03009418245949890014AEF1 /* DateEntryViewController.swift */ = {isa = PBXFileReference; lastKnownFileType = sourcecode.swift; path = DateEntryViewController.swift; sourceTree = "<group>"; };
		031664BE2468DD5F004A85EE /* AVFoundation.framework */ = {isa = PBXFileReference; lastKnownFileType = wrapper.framework; name = AVFoundation.framework; path = System/Library/Frameworks/AVFoundation.framework; sourceTree = SDKROOT; };
		0323CC6B24609449000C0908 /* cough.wav */ = {isa = PBXFileReference; lastKnownFileType = audio.wav; path = cough.wav; sourceTree = "<group>"; };
		0328A237245E5F5E0032E752 /* absl.framework */ = {isa = PBXFileReference; explicitFileType = wrapper.framework; path = absl.framework; sourceTree = BUILT_PRODUCTS_DIR; };
		0328A238245E5F5E0032E752 /* AppAuth.framework */ = {isa = PBXFileReference; explicitFileType = wrapper.framework; path = AppAuth.framework; sourceTree = BUILT_PRODUCTS_DIR; };
		0328A239245E5F5E0032E752 /* FBLPromises.framework */ = {isa = PBXFileReference; explicitFileType = wrapper.framework; path = FBLPromises.framework; sourceTree = BUILT_PRODUCTS_DIR; };
		0328A23A245E5F5E0032E752 /* FBSDKCoreKit.framework */ = {isa = PBXFileReference; explicitFileType = wrapper.framework; path = FBSDKCoreKit.framework; sourceTree = BUILT_PRODUCTS_DIR; };
		0328A23B245E5F5E0032E752 /* FBSDKLoginKit.framework */ = {isa = PBXFileReference; explicitFileType = wrapper.framework; path = FBSDKLoginKit.framework; sourceTree = BUILT_PRODUCTS_DIR; };
		0328A23C245E5F5E0032E752 /* FirebaseAnonymousAuthUI.bundle */ = {isa = PBXFileReference; explicitFileType = wrapper.cfbundle; path = FirebaseAnonymousAuthUI.bundle; sourceTree = BUILT_PRODUCTS_DIR; };
		0328A23D245E5F5E0032E752 /* FirebaseAuth.framework */ = {isa = PBXFileReference; explicitFileType = wrapper.framework; path = FirebaseAuth.framework; sourceTree = BUILT_PRODUCTS_DIR; };
		0328A23E245E5F5E0032E752 /* FirebaseAuthUI.bundle */ = {isa = PBXFileReference; explicitFileType = wrapper.cfbundle; path = FirebaseAuthUI.bundle; sourceTree = BUILT_PRODUCTS_DIR; };
		0328A23F245E5F5E0032E752 /* FirebaseCore.framework */ = {isa = PBXFileReference; explicitFileType = wrapper.framework; path = FirebaseCore.framework; sourceTree = BUILT_PRODUCTS_DIR; };
		0328A240245E5F5E0032E752 /* FirebaseCoreDiagnostics.framework */ = {isa = PBXFileReference; explicitFileType = wrapper.framework; path = FirebaseCoreDiagnostics.framework; sourceTree = BUILT_PRODUCTS_DIR; };
		0328A241245E5F5E0032E752 /* FirebaseDatabase.framework */ = {isa = PBXFileReference; explicitFileType = wrapper.framework; path = FirebaseDatabase.framework; sourceTree = BUILT_PRODUCTS_DIR; };
		0328A242245E5F5E0032E752 /* FirebaseEmailAuthUI.bundle */ = {isa = PBXFileReference; explicitFileType = wrapper.cfbundle; path = FirebaseEmailAuthUI.bundle; sourceTree = BUILT_PRODUCTS_DIR; };
		0328A243245E5F5E0032E752 /* FirebaseFacebookAuthUI.bundle */ = {isa = PBXFileReference; explicitFileType = wrapper.cfbundle; path = FirebaseFacebookAuthUI.bundle; sourceTree = BUILT_PRODUCTS_DIR; };
		0328A244245E5F5E0032E752 /* FirebaseFirestore.framework */ = {isa = PBXFileReference; explicitFileType = wrapper.framework; path = FirebaseFirestore.framework; sourceTree = BUILT_PRODUCTS_DIR; };
		0328A245245E5F5E0032E752 /* FirebaseGoogleAuthUI.bundle */ = {isa = PBXFileReference; explicitFileType = wrapper.cfbundle; path = FirebaseGoogleAuthUI.bundle; sourceTree = BUILT_PRODUCTS_DIR; };
		0328A246245E5F5E0032E752 /* FirebaseInstallations.framework */ = {isa = PBXFileReference; explicitFileType = wrapper.framework; path = FirebaseInstallations.framework; sourceTree = BUILT_PRODUCTS_DIR; };
		0328A247245E5F5E0032E752 /* FirebaseOAuthUI.bundle */ = {isa = PBXFileReference; explicitFileType = wrapper.cfbundle; path = FirebaseOAuthUI.bundle; sourceTree = BUILT_PRODUCTS_DIR; };
		0328A248245E5F5E0032E752 /* FirebasePhoneAuthUI.bundle */ = {isa = PBXFileReference; explicitFileType = wrapper.cfbundle; path = FirebasePhoneAuthUI.bundle; sourceTree = BUILT_PRODUCTS_DIR; };
		0328A249245E5F5E0032E752 /* FirebaseStorage.framework */ = {isa = PBXFileReference; explicitFileType = wrapper.framework; path = FirebaseStorage.framework; sourceTree = BUILT_PRODUCTS_DIR; };
		0328A24A245E5F5E0032E752 /* FirebaseUI.framework */ = {isa = PBXFileReference; explicitFileType = wrapper.framework; path = FirebaseUI.framework; sourceTree = BUILT_PRODUCTS_DIR; };
		0328A24B245E5F5E0032E752 /* GoogleDataTransport.framework */ = {isa = PBXFileReference; explicitFileType = wrapper.framework; path = GoogleDataTransport.framework; sourceTree = BUILT_PRODUCTS_DIR; };
		0328A24C245E5F5E0032E752 /* GoogleDataTransportCCTSupport.framework */ = {isa = PBXFileReference; explicitFileType = wrapper.framework; path = GoogleDataTransportCCTSupport.framework; sourceTree = BUILT_PRODUCTS_DIR; };
		0328A24D245E5F5E0032E752 /* GoogleUtilities.framework */ = {isa = PBXFileReference; explicitFileType = wrapper.framework; path = GoogleUtilities.framework; sourceTree = BUILT_PRODUCTS_DIR; };
		0328A24E245E5F5E0032E752 /* grpc.framework */ = {isa = PBXFileReference; explicitFileType = wrapper.framework; path = grpc.framework; sourceTree = BUILT_PRODUCTS_DIR; };
		0328A24F245E5F5E0032E752 /* gRPCCertificates-Cpp.bundle */ = {isa = PBXFileReference; explicitFileType = wrapper.cfbundle; path = "gRPCCertificates-Cpp.bundle"; sourceTree = BUILT_PRODUCTS_DIR; };
		0328A250245E5F5E0032E752 /* grpcpp.framework */ = {isa = PBXFileReference; explicitFileType = wrapper.framework; path = grpcpp.framework; sourceTree = BUILT_PRODUCTS_DIR; };
		0328A251245E5F5E0032E752 /* GTMAppAuth.framework */ = {isa = PBXFileReference; explicitFileType = wrapper.framework; path = GTMAppAuth.framework; sourceTree = BUILT_PRODUCTS_DIR; };
		0328A252245E5F5E0032E752 /* GTMSessionFetcher.framework */ = {isa = PBXFileReference; explicitFileType = wrapper.framework; path = GTMSessionFetcher.framework; sourceTree = BUILT_PRODUCTS_DIR; };
		0328A253245E5F5E0032E752 /* leveldb.framework */ = {isa = PBXFileReference; explicitFileType = wrapper.framework; path = leveldb.framework; sourceTree = BUILT_PRODUCTS_DIR; };
		0328A254245E5F5E0032E752 /* nanopb.framework */ = {isa = PBXFileReference; explicitFileType = wrapper.framework; path = nanopb.framework; sourceTree = BUILT_PRODUCTS_DIR; };
		0328A255245E5F5E0032E752 /* openssl_grpc.framework */ = {isa = PBXFileReference; explicitFileType = wrapper.framework; path = openssl_grpc.framework; sourceTree = BUILT_PRODUCTS_DIR; };
		0328A256245E5F5E0032E752 /* SDWebImage.framework */ = {isa = PBXFileReference; explicitFileType = wrapper.framework; path = SDWebImage.framework; sourceTree = BUILT_PRODUCTS_DIR; };
		03F5E0112447BA2C00D19E54 /* DistanceViewController.swift */ = {isa = PBXFileReference; lastKnownFileType = sourcecode.swift; path = DistanceViewController.swift; sourceTree = "<group>"; };
		03F5E0132447BA4800D19E54 /* LeaderboardViewController.swift */ = {isa = PBXFileReference; lastKnownFileType = sourcecode.swift; path = LeaderboardViewController.swift; sourceTree = "<group>"; };
		03F5E0152447BA7700D19E54 /* ResourcesViewController.swift */ = {isa = PBXFileReference; lastKnownFileType = sourcecode.swift; path = ResourcesViewController.swift; sourceTree = "<group>"; };
		1335FE982441E6F7001DFA70 /* SignInViewController.swift */ = {isa = PBXFileReference; lastKnownFileType = sourcecode.swift; path = SignInViewController.swift; sourceTree = "<group>"; };
		133F88D124381A9300D501D8 /* CoronAvoid.app */ = {isa = PBXFileReference; explicitFileType = wrapper.application; includeInIndex = 0; path = CoronAvoid.app; sourceTree = BUILT_PRODUCTS_DIR; };
		133F88D424381A9300D501D8 /* AppDelegate.swift */ = {isa = PBXFileReference; lastKnownFileType = sourcecode.swift; path = AppDelegate.swift; sourceTree = "<group>"; };
		133F88D624381A9300D501D8 /* SceneDelegate.swift */ = {isa = PBXFileReference; lastKnownFileType = sourcecode.swift; path = SceneDelegate.swift; sourceTree = "<group>"; };
		133F88D824381A9300D501D8 /* HomeViewController.swift */ = {isa = PBXFileReference; lastKnownFileType = sourcecode.swift; path = HomeViewController.swift; sourceTree = "<group>"; };
		133F88DB24381A9300D501D8 /* Base */ = {isa = PBXFileReference; lastKnownFileType = file.storyboard; name = Base; path = Base.lproj/Main.storyboard; sourceTree = "<group>"; };
		133F88DD24381A9600D501D8 /* Assets.xcassets */ = {isa = PBXFileReference; lastKnownFileType = folder.assetcatalog; path = Assets.xcassets; sourceTree = "<group>"; };
		133F88E024381A9600D501D8 /* Base */ = {isa = PBXFileReference; lastKnownFileType = file.storyboard; name = Base; path = Base.lproj/LaunchScreen.storyboard; sourceTree = "<group>"; };
		133F88E224381A9600D501D8 /* Info.plist */ = {isa = PBXFileReference; lastKnownFileType = text.plist.xml; path = Info.plist; sourceTree = "<group>"; };
		13D9B6C4245A8D6100111A77 /* UsernameViewController.swift */ = {isa = PBXFileReference; fileEncoding = 4; lastKnownFileType = sourcecode.swift; path = UsernameViewController.swift; sourceTree = "<group>"; };
		13EEF941244368AD009A1C51 /* SettingsViewController.swift */ = {isa = PBXFileReference; lastKnownFileType = sourcecode.swift; path = SettingsViewController.swift; sourceTree = "<group>"; };
		4ECA326B26A04F238E860ABA /* Pods-CoronAvoid.release.xcconfig */ = {isa = PBXFileReference; includeInIndex = 1; lastKnownFileType = text.xcconfig; name = "Pods-CoronAvoid.release.xcconfig"; path = "Target Support Files/Pods-CoronAvoid/Pods-CoronAvoid.release.xcconfig"; sourceTree = "<group>"; };
		6847B50A0EBED6EAB84669C5 /* Pods-CoronAvoid.debug.xcconfig */ = {isa = PBXFileReference; includeInIndex = 1; lastKnownFileType = text.xcconfig; name = "Pods-CoronAvoid.debug.xcconfig"; path = "Target Support Files/Pods-CoronAvoid/Pods-CoronAvoid.debug.xcconfig"; sourceTree = "<group>"; };
		7B388BBC245CC977002889C7 /* GoogleService-Info.plist */ = {isa = PBXFileReference; fileEncoding = 4; lastKnownFileType = text.plist.xml; path = "GoogleService-Info.plist"; sourceTree = "<group>"; };
		C6FF2C10D1ACEE652CAF5E38 /* Pods_CoronAvoid.framework */ = {isa = PBXFileReference; explicitFileType = wrapper.framework; includeInIndex = 0; path = Pods_CoronAvoid.framework; sourceTree = BUILT_PRODUCTS_DIR; };
/* End PBXFileReference section */

/* Begin PBXFrameworksBuildPhase section */
		133F88CE24381A9300D501D8 /* Frameworks */ = {
			isa = PBXFrameworksBuildPhase;
			buildActionMask = 2147483647;
			files = (
				0328A28D245E5F5F0032E752 /* Pods_CoronAvoid.framework in Frameworks */,
				0328A234245E5F180032E752 /* Pods_CoronAvoid.framework in Frameworks */,
			);
			runOnlyForDeploymentPostprocessing = 0;
		};
/* End PBXFrameworksBuildPhase section */

/* Begin PBXGroup section */
		011EE9213E55B42EC27A5175 /* Frameworks */ = {
			isa = PBXGroup;
			children = (
				031664BE2468DD5F004A85EE /* AVFoundation.framework */,
				0328A237245E5F5E0032E752 /* absl.framework */,
				0328A238245E5F5E0032E752 /* AppAuth.framework */,
				0328A239245E5F5E0032E752 /* FBLPromises.framework */,
				0328A23A245E5F5E0032E752 /* FBSDKCoreKit.framework */,
				0328A23B245E5F5E0032E752 /* FBSDKLoginKit.framework */,
				0328A23C245E5F5E0032E752 /* FirebaseAnonymousAuthUI.bundle */,
				0328A23D245E5F5E0032E752 /* FirebaseAuth.framework */,
				0328A23E245E5F5E0032E752 /* FirebaseAuthUI.bundle */,
				0328A23F245E5F5E0032E752 /* FirebaseCore.framework */,
				0328A240245E5F5E0032E752 /* FirebaseCoreDiagnostics.framework */,
				0328A241245E5F5E0032E752 /* FirebaseDatabase.framework */,
				0328A242245E5F5E0032E752 /* FirebaseEmailAuthUI.bundle */,
				0328A243245E5F5E0032E752 /* FirebaseFacebookAuthUI.bundle */,
				0328A244245E5F5E0032E752 /* FirebaseFirestore.framework */,
				0328A245245E5F5E0032E752 /* FirebaseGoogleAuthUI.bundle */,
				0328A246245E5F5E0032E752 /* FirebaseInstallations.framework */,
				0328A247245E5F5E0032E752 /* FirebaseOAuthUI.bundle */,
				0328A248245E5F5E0032E752 /* FirebasePhoneAuthUI.bundle */,
				0328A249245E5F5E0032E752 /* FirebaseStorage.framework */,
				0328A24A245E5F5E0032E752 /* FirebaseUI.framework */,
				0328A24B245E5F5E0032E752 /* GoogleDataTransport.framework */,
				0328A24C245E5F5E0032E752 /* GoogleDataTransportCCTSupport.framework */,
				0328A24D245E5F5E0032E752 /* GoogleUtilities.framework */,
				0328A24E245E5F5E0032E752 /* grpc.framework */,
				0328A24F245E5F5E0032E752 /* gRPCCertificates-Cpp.bundle */,
				0328A250245E5F5E0032E752 /* grpcpp.framework */,
				0328A251245E5F5E0032E752 /* GTMAppAuth.framework */,
				0328A252245E5F5E0032E752 /* GTMSessionFetcher.framework */,
				0328A253245E5F5E0032E752 /* leveldb.framework */,
				0328A254245E5F5E0032E752 /* nanopb.framework */,
				0328A255245E5F5E0032E752 /* openssl_grpc.framework */,
				0328A256245E5F5E0032E752 /* SDWebImage.framework */,
				C6FF2C10D1ACEE652CAF5E38 /* Pods_CoronAvoid.framework */,
			);
			name = Frameworks;
			sourceTree = "<group>";
		};
		0323CC6A24609449000C0908 /* Resources */ = {
			isa = PBXGroup;
			children = (
				0323CC6B24609449000C0908 /* cough.wav */,
			);
			path = Resources;
			sourceTree = "<group>";
		};
		133F88C824381A9300D501D8 = {
			isa = PBXGroup;
			children = (
				133F88D324381A9300D501D8 /* CoronAvoid */,
				133F88D224381A9300D501D8 /* Products */,
				FC0D2FB115941DF56DF4A045 /* Pods */,
				011EE9213E55B42EC27A5175 /* Frameworks */,
			);
			sourceTree = "<group>";
		};
		133F88D224381A9300D501D8 /* Products */ = {
			isa = PBXGroup;
			children = (
				133F88D124381A9300D501D8 /* CoronAvoid.app */,
			);
			name = Products;
			sourceTree = "<group>";
		};
		133F88D324381A9300D501D8 /* CoronAvoid */ = {
			isa = PBXGroup;
			children = (
				133F88D424381A9300D501D8 /* AppDelegate.swift */,
				133F88D624381A9300D501D8 /* SceneDelegate.swift */,
				1335FE982441E6F7001DFA70 /* SignInViewController.swift */,
				133F88D824381A9300D501D8 /* HomeViewController.swift */,
				03F5E0112447BA2C00D19E54 /* DistanceViewController.swift */,
				03F5E0132447BA4800D19E54 /* LeaderboardViewController.swift */,
				03F5E0152447BA7700D19E54 /* ResourcesViewController.swift */,
				13EEF941244368AD009A1C51 /* SettingsViewController.swift */,
				03009418245949890014AEF1 /* DateEntryViewController.swift */,
				13D9B6C4245A8D6100111A77 /* UsernameViewController.swift */,
				133F88DA24381A9300D501D8 /* Main.storyboard */,
				133F88DD24381A9600D501D8 /* Assets.xcassets */,
				133F88DF24381A9600D501D8 /* LaunchScreen.storyboard */,
				133F88E224381A9600D501D8 /* Info.plist */,
				7B388BBC245CC977002889C7 /* GoogleService-Info.plist */,
				0323CC6A24609449000C0908 /* Resources */,
			);
			path = CoronAvoid;
			sourceTree = "<group>";
		};
		FC0D2FB115941DF56DF4A045 /* Pods */ = {
			isa = PBXGroup;
			children = (
				6847B50A0EBED6EAB84669C5 /* Pods-CoronAvoid.debug.xcconfig */,
				4ECA326B26A04F238E860ABA /* Pods-CoronAvoid.release.xcconfig */,
			);
			path = Pods;
			sourceTree = "<group>";
		};
/* End PBXGroup section */

/* Begin PBXNativeTarget section */
		133F88D024381A9300D501D8 /* CoronAvoid */ = {
			isa = PBXNativeTarget;
			buildConfigurationList = 133F88E524381A9600D501D8 /* Build configuration list for PBXNativeTarget "CoronAvoid" */;
			buildPhases = (
				FB40F495ABD6C707A1E72B9B /* [CP] Check Pods Manifest.lock */,
				133F88CD24381A9300D501D8 /* Sources */,
				133F88CE24381A9300D501D8 /* Frameworks */,
				133F88CF24381A9300D501D8 /* Resources */,
				38F0F35007C8906F3CE4B261 /* [CP] Embed Pods Frameworks */,
				74E64B46EF6CB3DF49F910AC /* [CP] Copy Pods Resources */,
				0328A236245E5F180032E752 /* Embed Frameworks */,
			);
			buildRules = (
			);
			dependencies = (
			);
			name = CoronAvoid;
			productName = CoronAvoid;
			productReference = 133F88D124381A9300D501D8 /* CoronAvoid.app */;
			productType = "com.apple.product-type.application";
		};
/* End PBXNativeTarget section */

/* Begin PBXProject section */
		133F88C924381A9300D501D8 /* Project object */ = {
			isa = PBXProject;
			attributes = {
				LastSwiftUpdateCheck = 1140;
				LastUpgradeCheck = 1140;
				ORGANIZATIONNAME = NYU;
				TargetAttributes = {
					133F88D024381A9300D501D8 = {
						CreatedOnToolsVersion = 11.4;
					};
				};
			};
			buildConfigurationList = 133F88CC24381A9300D501D8 /* Build configuration list for PBXProject "CoronAvoid" */;
			compatibilityVersion = "Xcode 9.3";
			developmentRegion = en;
			hasScannedForEncodings = 0;
			knownRegions = (
				en,
				Base,
			);
			mainGroup = 133F88C824381A9300D501D8;
			productRefGroup = 133F88D224381A9300D501D8 /* Products */;
			projectDirPath = "";
			projectRoot = "";
			targets = (
				133F88D024381A9300D501D8 /* CoronAvoid */,
			);
		};
/* End PBXProject section */

/* Begin PBXResourcesBuildPhase section */
		133F88CF24381A9300D501D8 /* Resources */ = {
			isa = PBXResourcesBuildPhase;
			buildActionMask = 2147483647;
			files = (
				031664C02468E0CA004A85EE /* cough.wav in Resources */,
				133F88E124381A9600D501D8 /* LaunchScreen.storyboard in Resources */,
				133F88DE24381A9600D501D8 /* Assets.xcassets in Resources */,
				133F88DC24381A9300D501D8 /* Main.storyboard in Resources */,
				7B388BBD245CC977002889C7 /* GoogleService-Info.plist in Resources */,
			);
			runOnlyForDeploymentPostprocessing = 0;
		};
/* End PBXResourcesBuildPhase section */

/* Begin PBXShellScriptBuildPhase section */
		38F0F35007C8906F3CE4B261 /* [CP] Embed Pods Frameworks */ = {
			isa = PBXShellScriptBuildPhase;
			buildActionMask = 2147483647;
			files = (
			);
			inputFileListPaths = (
				"${PODS_ROOT}/Target Support Files/Pods-CoronAvoid/Pods-CoronAvoid-frameworks-${CONFIGURATION}-input-files.xcfilelist",
			);
			name = "[CP] Embed Pods Frameworks";
			outputFileListPaths = (
				"${PODS_ROOT}/Target Support Files/Pods-CoronAvoid/Pods-CoronAvoid-frameworks-${CONFIGURATION}-output-files.xcfilelist",
			);
			runOnlyForDeploymentPostprocessing = 0;
			shellPath = /bin/sh;
			shellScript = "\"${PODS_ROOT}/Target Support Files/Pods-CoronAvoid/Pods-CoronAvoid-frameworks.sh\"\n";
			showEnvVarsInLog = 0;
		};
		74E64B46EF6CB3DF49F910AC /* [CP] Copy Pods Resources */ = {
			isa = PBXShellScriptBuildPhase;
			buildActionMask = 2147483647;
			files = (
			);
			inputFileListPaths = (
				"${PODS_ROOT}/Target Support Files/Pods-CoronAvoid/Pods-CoronAvoid-resources-${CONFIGURATION}-input-files.xcfilelist",
			);
			name = "[CP] Copy Pods Resources";
			outputFileListPaths = (
				"${PODS_ROOT}/Target Support Files/Pods-CoronAvoid/Pods-CoronAvoid-resources-${CONFIGURATION}-output-files.xcfilelist",
			);
			runOnlyForDeploymentPostprocessing = 0;
			shellPath = /bin/sh;
			shellScript = "\"${PODS_ROOT}/Target Support Files/Pods-CoronAvoid/Pods-CoronAvoid-resources.sh\"\n";
			showEnvVarsInLog = 0;
		};
		FB40F495ABD6C707A1E72B9B /* [CP] Check Pods Manifest.lock */ = {
			isa = PBXShellScriptBuildPhase;
			buildActionMask = 2147483647;
			files = (
			);
			inputFileListPaths = (
			);
			inputPaths = (
				"${PODS_PODFILE_DIR_PATH}/Podfile.lock",
				"${PODS_ROOT}/Manifest.lock",
			);
			name = "[CP] Check Pods Manifest.lock";
			outputFileListPaths = (
			);
			outputPaths = (
				"$(DERIVED_FILE_DIR)/Pods-CoronAvoid-checkManifestLockResult.txt",
			);
			runOnlyForDeploymentPostprocessing = 0;
			shellPath = /bin/sh;
			shellScript = "diff \"${PODS_PODFILE_DIR_PATH}/Podfile.lock\" \"${PODS_ROOT}/Manifest.lock\" > /dev/null\nif [ $? != 0 ] ; then\n    # print error to STDERR\n    echo \"error: The sandbox is not in sync with the Podfile.lock. Run 'pod install' or update your CocoaPods installation.\" >&2\n    exit 1\nfi\n# This output is used by Xcode 'outputs' to avoid re-running this script phase.\necho \"SUCCESS\" > \"${SCRIPT_OUTPUT_FILE_0}\"\n";
			showEnvVarsInLog = 0;
		};
/* End PBXShellScriptBuildPhase section */

/* Begin PBXSourcesBuildPhase section */
		133F88CD24381A9300D501D8 /* Sources */ = {
			isa = PBXSourcesBuildPhase;
			buildActionMask = 2147483647;
			files = (
				13D9B6C5245A8D6200111A77 /* UsernameViewController.swift in Sources */,
				03F5E0142447BA4800D19E54 /* LeaderboardViewController.swift in Sources */,
				133F88D924381A9300D501D8 /* HomeViewController.swift in Sources */,
				03F5E0162447BA7800D19E54 /* ResourcesViewController.swift in Sources */,
				133F88D524381A9300D501D8 /* AppDelegate.swift in Sources */,
				1335FE992441E6F7001DFA70 /* SignInViewController.swift in Sources */,
				13EEF942244368AD009A1C51 /* SettingsViewController.swift in Sources */,
				133F88D724381A9300D501D8 /* SceneDelegate.swift in Sources */,
				03F5E0122447BA2C00D19E54 /* DistanceViewController.swift in Sources */,
				03009419245949890014AEF1 /* DateEntryViewController.swift in Sources */,
			);
			runOnlyForDeploymentPostprocessing = 0;
		};
/* End PBXSourcesBuildPhase section */

/* Begin PBXVariantGroup section */
		133F88DA24381A9300D501D8 /* Main.storyboard */ = {
			isa = PBXVariantGroup;
			children = (
				133F88DB24381A9300D501D8 /* Base */,
			);
			name = Main.storyboard;
			sourceTree = "<group>";
		};
		133F88DF24381A9600D501D8 /* LaunchScreen.storyboard */ = {
			isa = PBXVariantGroup;
			children = (
				133F88E024381A9600D501D8 /* Base */,
			);
			name = LaunchScreen.storyboard;
			sourceTree = "<group>";
		};
/* End PBXVariantGroup section */

/* Begin XCBuildConfiguration section */
		133F88E324381A9600D501D8 /* Debug */ = {
			isa = XCBuildConfiguration;
			buildSettings = {
				ALWAYS_SEARCH_USER_PATHS = NO;
				CLANG_ANALYZER_NONNULL = YES;
				CLANG_ANALYZER_NUMBER_OBJECT_CONVERSION = YES_AGGRESSIVE;
				CLANG_CXX_LANGUAGE_STANDARD = "gnu++14";
				CLANG_CXX_LIBRARY = "libc++";
				CLANG_ENABLE_MODULES = YES;
				CLANG_ENABLE_OBJC_ARC = YES;
				CLANG_ENABLE_OBJC_WEAK = YES;
				CLANG_WARN_BLOCK_CAPTURE_AUTORELEASING = YES;
				CLANG_WARN_BOOL_CONVERSION = YES;
				CLANG_WARN_COMMA = YES;
				CLANG_WARN_CONSTANT_CONVERSION = YES;
				CLANG_WARN_DEPRECATED_OBJC_IMPLEMENTATIONS = YES;
				CLANG_WARN_DIRECT_OBJC_ISA_USAGE = YES_ERROR;
				CLANG_WARN_DOCUMENTATION_COMMENTS = YES;
				CLANG_WARN_EMPTY_BODY = YES;
				CLANG_WARN_ENUM_CONVERSION = YES;
				CLANG_WARN_INFINITE_RECURSION = YES;
				CLANG_WARN_INT_CONVERSION = YES;
				CLANG_WARN_NON_LITERAL_NULL_CONVERSION = YES;
				CLANG_WARN_OBJC_IMPLICIT_RETAIN_SELF = YES;
				CLANG_WARN_OBJC_LITERAL_CONVERSION = YES;
				CLANG_WARN_OBJC_ROOT_CLASS = YES_ERROR;
				CLANG_WARN_RANGE_LOOP_ANALYSIS = YES;
				CLANG_WARN_STRICT_PROTOTYPES = YES;
				CLANG_WARN_SUSPICIOUS_MOVE = YES;
				CLANG_WARN_UNGUARDED_AVAILABILITY = YES_AGGRESSIVE;
				CLANG_WARN_UNREACHABLE_CODE = YES;
				CLANG_WARN__DUPLICATE_METHOD_MATCH = YES;
				COPY_PHASE_STRIP = NO;
				DEBUG_INFORMATION_FORMAT = dwarf;
				ENABLE_STRICT_OBJC_MSGSEND = YES;
				ENABLE_TESTABILITY = YES;
				GCC_C_LANGUAGE_STANDARD = gnu11;
				GCC_DYNAMIC_NO_PIC = NO;
				GCC_NO_COMMON_BLOCKS = YES;
				GCC_OPTIMIZATION_LEVEL = 0;
				GCC_PREPROCESSOR_DEFINITIONS = (
					"DEBUG=1",
					"$(inherited)",
				);
				GCC_WARN_64_TO_32_BIT_CONVERSION = YES;
				GCC_WARN_ABOUT_RETURN_TYPE = YES_ERROR;
				GCC_WARN_UNDECLARED_SELECTOR = YES;
				GCC_WARN_UNINITIALIZED_AUTOS = YES_AGGRESSIVE;
				GCC_WARN_UNUSED_FUNCTION = YES;
				GCC_WARN_UNUSED_VARIABLE = YES;
				IPHONEOS_DEPLOYMENT_TARGET = 13.0;
				MTL_ENABLE_DEBUG_INFO = INCLUDE_SOURCE;
				MTL_FAST_MATH = YES;
				ONLY_ACTIVE_ARCH = YES;
				SDKROOT = iphoneos;
				SWIFT_ACTIVE_COMPILATION_CONDITIONS = DEBUG;
				SWIFT_OPTIMIZATION_LEVEL = "-Onone";
			};
			name = Debug;
		};
		133F88E424381A9600D501D8 /* Release */ = {
			isa = XCBuildConfiguration;
			buildSettings = {
				ALWAYS_SEARCH_USER_PATHS = NO;
				CLANG_ANALYZER_NONNULL = YES;
				CLANG_ANALYZER_NUMBER_OBJECT_CONVERSION = YES_AGGRESSIVE;
				CLANG_CXX_LANGUAGE_STANDARD = "gnu++14";
				CLANG_CXX_LIBRARY = "libc++";
				CLANG_ENABLE_MODULES = YES;
				CLANG_ENABLE_OBJC_ARC = YES;
				CLANG_ENABLE_OBJC_WEAK = YES;
				CLANG_WARN_BLOCK_CAPTURE_AUTORELEASING = YES;
				CLANG_WARN_BOOL_CONVERSION = YES;
				CLANG_WARN_COMMA = YES;
				CLANG_WARN_CONSTANT_CONVERSION = YES;
				CLANG_WARN_DEPRECATED_OBJC_IMPLEMENTATIONS = YES;
				CLANG_WARN_DIRECT_OBJC_ISA_USAGE = YES_ERROR;
				CLANG_WARN_DOCUMENTATION_COMMENTS = YES;
				CLANG_WARN_EMPTY_BODY = YES;
				CLANG_WARN_ENUM_CONVERSION = YES;
				CLANG_WARN_INFINITE_RECURSION = YES;
				CLANG_WARN_INT_CONVERSION = YES;
				CLANG_WARN_NON_LITERAL_NULL_CONVERSION = YES;
				CLANG_WARN_OBJC_IMPLICIT_RETAIN_SELF = YES;
				CLANG_WARN_OBJC_LITERAL_CONVERSION = YES;
				CLANG_WARN_OBJC_ROOT_CLASS = YES_ERROR;
				CLANG_WARN_RANGE_LOOP_ANALYSIS = YES;
				CLANG_WARN_STRICT_PROTOTYPES = YES;
				CLANG_WARN_SUSPICIOUS_MOVE = YES;
				CLANG_WARN_UNGUARDED_AVAILABILITY = YES_AGGRESSIVE;
				CLANG_WARN_UNREACHABLE_CODE = YES;
				CLANG_WARN__DUPLICATE_METHOD_MATCH = YES;
				COPY_PHASE_STRIP = NO;
				DEBUG_INFORMATION_FORMAT = "dwarf-with-dsym";
				ENABLE_NS_ASSERTIONS = NO;
				ENABLE_STRICT_OBJC_MSGSEND = YES;
				GCC_C_LANGUAGE_STANDARD = gnu11;
				GCC_NO_COMMON_BLOCKS = YES;
				GCC_WARN_64_TO_32_BIT_CONVERSION = YES;
				GCC_WARN_ABOUT_RETURN_TYPE = YES_ERROR;
				GCC_WARN_UNDECLARED_SELECTOR = YES;
				GCC_WARN_UNINITIALIZED_AUTOS = YES_AGGRESSIVE;
				GCC_WARN_UNUSED_FUNCTION = YES;
				GCC_WARN_UNUSED_VARIABLE = YES;
				IPHONEOS_DEPLOYMENT_TARGET = 13.0;
				MTL_ENABLE_DEBUG_INFO = NO;
				MTL_FAST_MATH = YES;
				SDKROOT = iphoneos;
				SWIFT_COMPILATION_MODE = wholemodule;
				SWIFT_OPTIMIZATION_LEVEL = "-O";
				VALIDATE_PRODUCT = YES;
			};
			name = Release;
		};
		133F88E624381A9600D501D8 /* Debug */ = {
			isa = XCBuildConfiguration;
			baseConfigurationReference = 6847B50A0EBED6EAB84669C5 /* Pods-CoronAvoid.debug.xcconfig */;
			buildSettings = {
				ASSETCATALOG_COMPILER_APPICON_NAME = AppIcon;
				CODE_SIGN_IDENTITY = "Apple Development";
				CODE_SIGN_STYLE = Automatic;
				DEVELOPMENT_TEAM = P4GT2YG9Q4;
				INFOPLIST_FILE = CoronAvoid/Info.plist;
				IPHONEOS_DEPLOYMENT_TARGET = 13.0;
				LD_RUNPATH_SEARCH_PATHS = (
					"$(inherited)",
					"@executable_path/Frameworks",
				);
				PRODUCT_BUNDLE_IDENTIFIER = com.CoronAvoidd;
				PRODUCT_NAME = "$(TARGET_NAME)";
				PROVISIONING_PROFILE_SPECIFIER = "";
				SWIFT_VERSION = 5.0;
				TARGETED_DEVICE_FAMILY = "1,2";
			};
			name = Debug;
		};
		133F88E724381A9600D501D8 /* Release */ = {
			isa = XCBuildConfiguration;
			baseConfigurationReference = 4ECA326B26A04F238E860ABA /* Pods-CoronAvoid.release.xcconfig */;
			buildSettings = {
				ASSETCATALOG_COMPILER_APPICON_NAME = AppIcon;
				CODE_SIGN_IDENTITY = "Apple Development";
				CODE_SIGN_STYLE = Automatic;
				DEVELOPMENT_TEAM = P4GT2YG9Q4;
				INFOPLIST_FILE = CoronAvoid/Info.plist;
				IPHONEOS_DEPLOYMENT_TARGET = 13.0;
				LD_RUNPATH_SEARCH_PATHS = (
					"$(inherited)",
					"@executable_path/Frameworks",
				);
				PRODUCT_BUNDLE_IDENTIFIER = com.CoronAvoidd;
				PRODUCT_NAME = "$(TARGET_NAME)";
				PROVISIONING_PROFILE_SPECIFIER = "";
				SWIFT_VERSION = 5.0;
				TARGETED_DEVICE_FAMILY = "1,2";
			};
			name = Release;
		};
/* End XCBuildConfiguration section */

/* Begin XCConfigurationList section */
		133F88CC24381A9300D501D8 /* Build configuration list for PBXProject "CoronAvoid" */ = {
			isa = XCConfigurationList;
			buildConfigurations = (
				133F88E324381A9600D501D8 /* Debug */,
				133F88E424381A9600D501D8 /* Release */,
			);
			defaultConfigurationIsVisible = 0;
			defaultConfigurationName = Release;
		};
		133F88E524381A9600D501D8 /* Build configuration list for PBXNativeTarget "CoronAvoid" */ = {
			isa = XCConfigurationList;
			buildConfigurations = (
				133F88E624381A9600D501D8 /* Debug */,
				133F88E724381A9600D501D8 /* Release */,
			);
			defaultConfigurationIsVisible = 0;
			defaultConfigurationName = Release;
		};
/* End XCConfigurationList section */
	};
	rootObject = 133F88C924381A9300D501D8 /* Project object */;
}
